
Microsoft Visual Studio Solution File, Format Version 12.00
# Visual Studio Version 16
VisualStudioVersion = 16.0.31410.357
MinimumVisualStudioVersion = 10.0.40219.1
Project("{FAE04EC0-301F-11D3-BF4B-00C04F79EFBC}") = "pipeline", "pipeline\pipeline.csproj", "{DB0D1BE9-AA71-4FF7-B22B-42CD3AA07597}"
EndProject
Global
	GlobalSection(SolutionConfigurationPlatforms) = preSolution
		Debug|Any CPU = Debug|Any CPU
		Release|Any CPU = Release|Any CPU
	EndGlobalSection
	GlobalSection(ProjectConfigurationPlatforms) = postSolution
		{DB0D1BE9-AA71-4FF7-B22B-42CD3AA07597}.Debug|Any CPU.ActiveCfg = Debug|Any CPU
		{DB0D1BE9-AA71-4FF7-B22B-42CD3AA07597}.Debug|Any CPU.Build.0 = Debug|Any CPU
		{DB0D1BE9-AA71-4FF7-B22B-42CD3AA07597}.Release|Any CPU.ActiveCfg = Release|Any CPU
		{DB0D1BE9-AA71-4FF7-B22B-42CD3AA07597}.Release|Any CPU.Build.0 = Release|Any CPU
	EndGlobalSection
	GlobalSection(SolutionProperties) = preSolution
		HideSolutionNode = FALSE
	EndGlobalSection
	GlobalSection(ExtensibilityGlobals) = postSolution
		SolutionGuid = {50E32EF1-D49F-4E9A-9DFF-3F2A02B92073}
	EndGlobalSection
EndGlobal
